// !$*UTF8*$!
{
	archiveVersion = 1;
	classes = {
	};
	objectVersion = 46;
	objects = {

/* Begin PBXBuildFile section */
		5205CEF31E9670AF004B57D1 /* AppDelegate.swift in Sources */ = {isa = PBXBuildFile; fileRef = 5205CEF21E9670AF004B57D1 /* AppDelegate.swift */; };
		5205CEF81E9670AF004B57D1 /* Main.storyboard in Resources */ = {isa = PBXBuildFile; fileRef = 5205CEF61E9670AF004B57D1 /* Main.storyboard */; };
		5205CEFA1E9670AF004B57D1 /* Assets.xcassets in Resources */ = {isa = PBXBuildFile; fileRef = 5205CEF91E9670AF004B57D1 /* Assets.xcassets */; };
		5205CEFD1E9670AF004B57D1 /* LaunchScreen.storyboard in Resources */ = {isa = PBXBuildFile; fileRef = 5205CEFB1E9670AF004B57D1 /* LaunchScreen.storyboard */; };
		5205CF081E9670AF004B57D1 /* PlaceholderTests.swift in Sources */ = {isa = PBXBuildFile; fileRef = 5205CF071E9670AF004B57D1 /* PlaceholderTests.swift */; };
		5205CF631E9675AB004B57D1 /* UIKit+Extensions.swift in Sources */ = {isa = PBXBuildFile; fileRef = 5205CF621E9675AB004B57D1 /* UIKit+Extensions.swift */; };
		5205CF651E9675B8004B57D1 /* AppCoordinator.swift in Sources */ = {isa = PBXBuildFile; fileRef = 5205CF641E9675B8004B57D1 /* AppCoordinator.swift */; };
		5205CF6D1E967637004B57D1 /* Album.swift in Sources */ = {isa = PBXBuildFile; fileRef = 5205CF661E967637004B57D1 /* Album.swift */; };
		5205CF6F1E967637004B57D1 /* Model+Equatable.swift in Sources */ = {isa = PBXBuildFile; fileRef = 5205CF681E967637004B57D1 /* Model+Equatable.swift */; };
		5205CF711E967637004B57D1 /* Model+TableViewCell.swift in Sources */ = {isa = PBXBuildFile; fileRef = 5205CF6A1E967637004B57D1 /* Model+TableViewCell.swift */; };
		5205CF721E967637004B57D1 /* Photo.swift in Sources */ = {isa = PBXBuildFile; fileRef = 5205CF6B1E967637004B57D1 /* Photo.swift */; };
		5205CF731E967637004B57D1 /* User.swift in Sources */ = {isa = PBXBuildFile; fileRef = 5205CF6C1E967637004B57D1 /* User.swift */; };
		5205CF781E9676AE004B57D1 /* ItemsViewController.swift in Sources */ = {isa = PBXBuildFile; fileRef = 5205CF751E9676AE004B57D1 /* ItemsViewController.swift */; };
		5205CF791E9676AE004B57D1 /* PhotoViewController.swift in Sources */ = {isa = PBXBuildFile; fileRef = 5205CF761E9676AE004B57D1 /* PhotoViewController.swift */; };
		5205CF7A1E9676AE004B57D1 /* UserProfileViewController.swift in Sources */ = {isa = PBXBuildFile; fileRef = 5205CF771E9676AE004B57D1 /* UserProfileViewController.swift */; };
		5205CF7F1E967C34004B57D1 /* Webservice.swift in Sources */ = {isa = PBXBuildFile; fileRef = 5205CF7E1E967C34004B57D1 /* Webservice.swift */; };
		5205CF811E967C5E004B57D1 /* Resource.swift in Sources */ = {isa = PBXBuildFile; fileRef = 5205CF801E967C5E004B57D1 /* Resource.swift */; };
		521554131EAE9A7B00E78C17 /* URLProvider.swift in Sources */ = {isa = PBXBuildFile; fileRef = 521554121EAE9A7B00E78C17 /* URLProvider.swift */; };
		521554151EAEAF9E00E78C17 /* NetworkingTests.swift in Sources */ = {isa = PBXBuildFile; fileRef = 521554141EAEAF9E00E78C17 /* NetworkingTests.swift */; };
		521554171EAEB03400E78C17 /* sampleText.txt in Resources */ = {isa = PBXBuildFile; fileRef = 521554161EAEB03400E78C17 /* sampleText.txt */; };
		521554191EAF806D00E78C17 /* SampleJSON.json in Resources */ = {isa = PBXBuildFile; fileRef = 521554181EAF806D00E78C17 /* SampleJSON.json */; };
		5215541B1EAF8B8100E78C17 /* dummyFile.json in Resources */ = {isa = PBXBuildFile; fileRef = 5215541A1EAF8B8100E78C17 /* dummyFile.json */; };
		522874BE1EA905C800800877 /* Model+JSONDecodable.swift in Sources */ = {isa = PBXBuildFile; fileRef = 522874BD1EA905C800800877 /* Model+JSONDecodable.swift */; };
		5255DD8E1E96B7EA009A39B7 /* HttpMethod.swift in Sources */ = {isa = PBXBuildFile; fileRef = 5255DD8D1E96B7EA009A39B7 /* HttpMethod.swift */; };
		5255DD901E96B880009A39B7 /* Model+Resource.swift in Sources */ = {isa = PBXBuildFile; fileRef = 5255DD8F1E96B880009A39B7 /* Model+Resource.swift */; };
		5255DD941E96B917009A39B7 /* JSONDecodable.swift in Sources */ = {isa = PBXBuildFile; fileRef = 5255DD931E96B917009A39B7 /* JSONDecodable.swift */; };
		5255DDDA1E96DF0E009A39B7 /* Users.json in Resources */ = {isa = PBXBuildFile; fileRef = 5255DDD51E96DF0E009A39B7 /* Users.json */; };
		5255DDDB1E96DF0E009A39B7 /* Albums.json in Resources */ = {isa = PBXBuildFile; fileRef = 5255DDD61E96DF0E009A39B7 /* Albums.json */; };
		5255DDDC1E96DF0E009A39B7 /* Photos.json in Resources */ = {isa = PBXBuildFile; fileRef = 5255DDD71E96DF0E009A39B7 /* Photos.json */; };
		5255DDDD1E96DF0E009A39B7 /* SingleUser.json in Resources */ = {isa = PBXBuildFile; fileRef = 5255DDD81E96DF0E009A39B7 /* SingleUser.json */; };
		5255DDDE1E96DF0E009A39B7 /* SingleAlbum.json in Resources */ = {isa = PBXBuildFile; fileRef = 5255DDD91E96DF0E009A39B7 /* SingleAlbum.json */; };
		5255E5FC1E986C7E009A39B7 /* CachedWebservice.swift in Sources */ = {isa = PBXBuildFile; fileRef = 5255E5FA1E986B3D009A39B7 /* CachedWebservice.swift */; };
		5255E5FE1E986D47009A39B7 /* Result.swift in Sources */ = {isa = PBXBuildFile; fileRef = 5255E5FD1E986D47009A39B7 /* Result.swift */; };
		5255E6001E986E7D009A39B7 /* Cache.swift in Sources */ = {isa = PBXBuildFile; fileRef = 5255E5FF1E986E7D009A39B7 /* Cache.swift */; };
		5255E6021E99255A009A39B7 /* FileStorage.swift in Sources */ = {isa = PBXBuildFile; fileRef = 5255E6011E99255A009A39B7 /* FileStorage.swift */; };
		5255E6041E99D224009A39B7 /* md5.swift in Sources */ = {isa = PBXBuildFile; fileRef = 5255E6031E99D224009A39B7 /* md5.swift */; };
		5255E6061E99DDD0009A39B7 /* Todo.swift in Sources */ = {isa = PBXBuildFile; fileRef = 5255E6051E99DDD0009A39B7 /* Todo.swift */; };
		5255E6081E99E5B4009A39B7 /* SingleTodo.json in Resources */ = {isa = PBXBuildFile; fileRef = 5255E6071E99E5B4009A39B7 /* SingleTodo.json */; };
		5255E60B1E99E98C009A39B7 /* Post.swift in Sources */ = {isa = PBXBuildFile; fileRef = 5255E6091E99E76D009A39B7 /* Post.swift */; };
		5255E60D1E99FE19009A39B7 /* Comment.swift in Sources */ = {isa = PBXBuildFile; fileRef = 5255E60C1E99FE19009A39B7 /* Comment.swift */; };
		5255E6131E9BDE56009A39B7 /* Future.swift in Sources */ = {isa = PBXBuildFile; fileRef = 5255E6121E9BDE56009A39B7 /* Future.swift */; };
		527C4AF21EB3BF3C00319CC2 /* Model+CellConfigurable.swift in Sources */ = {isa = PBXBuildFile; fileRef = 527C4AF11EB3BF3C00319CC2 /* Model+CellConfigurable.swift */; };
		527C4AF41EB3DF7800319CC2 /* Model+ViewModel.swift in Sources */ = {isa = PBXBuildFile; fileRef = 527C4AF31EB3DF7800319CC2 /* Model+ViewModel.swift */; };
		52F062991EA7A52F000E7606 /* Model+Routing.swift in Sources */ = {isa = PBXBuildFile; fileRef = 52F062981EA7A52F000E7606 /* Model+Routing.swift */; };
/* End PBXBuildFile section */

/* Begin PBXContainerItemProxy section */
		5205CF041E9670AF004B57D1 /* PBXContainerItemProxy */ = {
			isa = PBXContainerItemProxy;
			containerPortal = 5205CEE71E9670AF004B57D1 /* Project object */;
			proxyType = 1;
			remoteGlobalIDString = 5205CEEE1E9670AF004B57D1;
			remoteInfo = Placeholder;
		};
/* End PBXContainerItemProxy section */

/* Begin PBXCopyFilesBuildPhase section */
		5205CF1D1E967506004B57D1 /* Embed Frameworks */ = {
			isa = PBXCopyFilesBuildPhase;
			buildActionMask = 2147483647;
			dstPath = "";
			dstSubfolderSpec = 10;
			files = (
			);
			name = "Embed Frameworks";
			runOnlyForDeploymentPostprocessing = 0;
		};
/* End PBXCopyFilesBuildPhase section */

/* Begin PBXFileReference section */
		5205CEEF1E9670AF004B57D1 /* Placeholder.app */ = {isa = PBXFileReference; explicitFileType = wrapper.application; includeInIndex = 0; path = Placeholder.app; sourceTree = BUILT_PRODUCTS_DIR; };
		5205CEF21E9670AF004B57D1 /* AppDelegate.swift */ = {isa = PBXFileReference; lastKnownFileType = sourcecode.swift; path = AppDelegate.swift; sourceTree = "<group>"; };
		5205CEF71E9670AF004B57D1 /* Base */ = {isa = PBXFileReference; lastKnownFileType = file.storyboard; name = Base; path = Base.lproj/Main.storyboard; sourceTree = "<group>"; };
		5205CEF91E9670AF004B57D1 /* Assets.xcassets */ = {isa = PBXFileReference; lastKnownFileType = folder.assetcatalog; path = Assets.xcassets; sourceTree = "<group>"; };
		5205CEFC1E9670AF004B57D1 /* Base */ = {isa = PBXFileReference; lastKnownFileType = file.storyboard; name = Base; path = Base.lproj/LaunchScreen.storyboard; sourceTree = "<group>"; };
		5205CEFE1E9670AF004B57D1 /* Info.plist */ = {isa = PBXFileReference; lastKnownFileType = text.plist.xml; path = Info.plist; sourceTree = "<group>"; };
		5205CF031E9670AF004B57D1 /* PlaceholderTests.xctest */ = {isa = PBXFileReference; explicitFileType = wrapper.cfbundle; includeInIndex = 0; path = PlaceholderTests.xctest; sourceTree = BUILT_PRODUCTS_DIR; };
		5205CF071E9670AF004B57D1 /* PlaceholderTests.swift */ = {isa = PBXFileReference; lastKnownFileType = sourcecode.swift; path = PlaceholderTests.swift; sourceTree = "<group>"; };
		5205CF091E9670AF004B57D1 /* Info.plist */ = {isa = PBXFileReference; lastKnownFileType = text.plist.xml; path = Info.plist; sourceTree = "<group>"; };
		5205CF621E9675AB004B57D1 /* UIKit+Extensions.swift */ = {isa = PBXFileReference; fileEncoding = 4; lastKnownFileType = sourcecode.swift; path = "UIKit+Extensions.swift"; sourceTree = "<group>"; };
		5205CF641E9675B8004B57D1 /* AppCoordinator.swift */ = {isa = PBXFileReference; fileEncoding = 4; lastKnownFileType = sourcecode.swift; path = AppCoordinator.swift; sourceTree = "<group>"; };
		5205CF661E967637004B57D1 /* Album.swift */ = {isa = PBXFileReference; fileEncoding = 4; lastKnownFileType = sourcecode.swift; name = Album.swift; path = Placeholder/Album.swift; sourceTree = "<group>"; };
		5205CF681E967637004B57D1 /* Model+Equatable.swift */ = {isa = PBXFileReference; fileEncoding = 4; lastKnownFileType = sourcecode.swift; name = "Model+Equatable.swift"; path = "Placeholder/Model+Equatable.swift"; sourceTree = "<group>"; };
		5205CF6A1E967637004B57D1 /* Model+TableViewCell.swift */ = {isa = PBXFileReference; fileEncoding = 4; lastKnownFileType = sourcecode.swift; name = "Model+TableViewCell.swift"; path = "Placeholder/Model+TableViewCell.swift"; sourceTree = "<group>"; };
		5205CF6B1E967637004B57D1 /* Photo.swift */ = {isa = PBXFileReference; fileEncoding = 4; lastKnownFileType = sourcecode.swift; name = Photo.swift; path = Placeholder/Photo.swift; sourceTree = "<group>"; };
		5205CF6C1E967637004B57D1 /* User.swift */ = {isa = PBXFileReference; fileEncoding = 4; lastKnownFileType = sourcecode.swift; name = User.swift; path = Placeholder/User.swift; sourceTree = "<group>"; };
		5205CF751E9676AE004B57D1 /* ItemsViewController.swift */ = {isa = PBXFileReference; fileEncoding = 4; lastKnownFileType = sourcecode.swift; name = ItemsViewController.swift; path = Placeholder/ItemsViewController.swift; sourceTree = "<group>"; };
		5205CF761E9676AE004B57D1 /* PhotoViewController.swift */ = {isa = PBXFileReference; fileEncoding = 4; lastKnownFileType = sourcecode.swift; name = PhotoViewController.swift; path = Placeholder/PhotoViewController.swift; sourceTree = "<group>"; };
		5205CF771E9676AE004B57D1 /* UserProfileViewController.swift */ = {isa = PBXFileReference; fileEncoding = 4; lastKnownFileType = sourcecode.swift; name = UserProfileViewController.swift; path = Placeholder/UserProfileViewController.swift; sourceTree = "<group>"; };
		5205CF7E1E967C34004B57D1 /* Webservice.swift */ = {isa = PBXFileReference; fileEncoding = 4; lastKnownFileType = sourcecode.swift; path = Webservice.swift; sourceTree = "<group>"; };
		5205CF801E967C5E004B57D1 /* Resource.swift */ = {isa = PBXFileReference; fileEncoding = 4; lastKnownFileType = sourcecode.swift; path = Resource.swift; sourceTree = "<group>"; };
		521554121EAE9A7B00E78C17 /* URLProvider.swift */ = {isa = PBXFileReference; fileEncoding = 4; lastKnownFileType = sourcecode.swift; path = URLProvider.swift; sourceTree = "<group>"; };
		521554141EAEAF9E00E78C17 /* NetworkingTests.swift */ = {isa = PBXFileReference; fileEncoding = 4; lastKnownFileType = sourcecode.swift; path = NetworkingTests.swift; sourceTree = "<group>"; };
		521554161EAEB03400E78C17 /* sampleText.txt */ = {isa = PBXFileReference; fileEncoding = 4; lastKnownFileType = text; path = sampleText.txt; sourceTree = "<group>"; };
		521554181EAF806D00E78C17 /* SampleJSON.json */ = {isa = PBXFileReference; fileEncoding = 4; lastKnownFileType = text.json; path = SampleJSON.json; sourceTree = "<group>"; };
		5215541A1EAF8B8100E78C17 /* dummyFile.json */ = {isa = PBXFileReference; fileEncoding = 4; lastKnownFileType = text.json; path = dummyFile.json; sourceTree = "<group>"; };
		522874BD1EA905C800800877 /* Model+JSONDecodable.swift */ = {isa = PBXFileReference; fileEncoding = 4; lastKnownFileType = sourcecode.swift; name = "Model+JSONDecodable.swift"; path = "Placeholder/Model+JSONDecodable.swift"; sourceTree = "<group>"; };
		5255DD8D1E96B7EA009A39B7 /* HttpMethod.swift */ = {isa = PBXFileReference; fileEncoding = 4; lastKnownFileType = sourcecode.swift; path = HttpMethod.swift; sourceTree = "<group>"; };
		5255DD8F1E96B880009A39B7 /* Model+Resource.swift */ = {isa = PBXFileReference; fileEncoding = 4; lastKnownFileType = sourcecode.swift; name = "Model+Resource.swift"; path = "Placeholder/Model+Resource.swift"; sourceTree = "<group>"; };
		5255DD931E96B917009A39B7 /* JSONDecodable.swift */ = {isa = PBXFileReference; fileEncoding = 4; lastKnownFileType = sourcecode.swift; path = JSONDecodable.swift; sourceTree = "<group>"; };
		5255DDD51E96DF0E009A39B7 /* Users.json */ = {isa = PBXFileReference; fileEncoding = 4; lastKnownFileType = text.json; path = Users.json; sourceTree = "<group>"; };
		5255DDD61E96DF0E009A39B7 /* Albums.json */ = {isa = PBXFileReference; fileEncoding = 4; lastKnownFileType = text.json; path = Albums.json; sourceTree = "<group>"; };
		5255DDD71E96DF0E009A39B7 /* Photos.json */ = {isa = PBXFileReference; fileEncoding = 4; lastKnownFileType = text.json; path = Photos.json; sourceTree = "<group>"; };
		5255DDD81E96DF0E009A39B7 /* SingleUser.json */ = {isa = PBXFileReference; fileEncoding = 4; lastKnownFileType = text.json; path = SingleUser.json; sourceTree = "<group>"; };
		5255DDD91E96DF0E009A39B7 /* SingleAlbum.json */ = {isa = PBXFileReference; fileEncoding = 4; lastKnownFileType = text.json; path = SingleAlbum.json; sourceTree = "<group>"; };
		5255E5FA1E986B3D009A39B7 /* CachedWebservice.swift */ = {isa = PBXFileReference; fileEncoding = 4; lastKnownFileType = sourcecode.swift; path = CachedWebservice.swift; sourceTree = "<group>"; };
		5255E5FD1E986D47009A39B7 /* Result.swift */ = {isa = PBXFileReference; fileEncoding = 4; lastKnownFileType = sourcecode.swift; path = Result.swift; sourceTree = "<group>"; };
		5255E5FF1E986E7D009A39B7 /* Cache.swift */ = {isa = PBXFileReference; fileEncoding = 4; lastKnownFileType = sourcecode.swift; path = Cache.swift; sourceTree = "<group>"; };
		5255E6011E99255A009A39B7 /* FileStorage.swift */ = {isa = PBXFileReference; fileEncoding = 4; lastKnownFileType = sourcecode.swift; path = FileStorage.swift; sourceTree = "<group>"; };
		5255E6031E99D224009A39B7 /* md5.swift */ = {isa = PBXFileReference; fileEncoding = 4; lastKnownFileType = sourcecode.swift; path = md5.swift; sourceTree = "<group>"; };
		5255E6051E99DDD0009A39B7 /* Todo.swift */ = {isa = PBXFileReference; fileEncoding = 4; lastKnownFileType = sourcecode.swift; name = Todo.swift; path = Placeholder/Todo.swift; sourceTree = "<group>"; };
		5255E6071E99E5B4009A39B7 /* SingleTodo.json */ = {isa = PBXFileReference; fileEncoding = 4; lastKnownFileType = text.json; path = SingleTodo.json; sourceTree = "<group>"; };
		5255E6091E99E76D009A39B7 /* Post.swift */ = {isa = PBXFileReference; fileEncoding = 4; lastKnownFileType = sourcecode.swift; name = Post.swift; path = Placeholder/Post.swift; sourceTree = "<group>"; };
		5255E60C1E99FE19009A39B7 /* Comment.swift */ = {isa = PBXFileReference; fileEncoding = 4; lastKnownFileType = sourcecode.swift; name = Comment.swift; path = Placeholder/Comment.swift; sourceTree = "<group>"; };
		5255E6121E9BDE56009A39B7 /* Future.swift */ = {isa = PBXFileReference; fileEncoding = 4; lastKnownFileType = sourcecode.swift; path = Future.swift; sourceTree = "<group>"; };
		527C4AF11EB3BF3C00319CC2 /* Model+CellConfigurable.swift */ = {isa = PBXFileReference; fileEncoding = 4; lastKnownFileType = sourcecode.swift; path = "Model+CellConfigurable.swift"; sourceTree = "<group>"; };
		527C4AF31EB3DF7800319CC2 /* Model+ViewModel.swift */ = {isa = PBXFileReference; fileEncoding = 4; lastKnownFileType = sourcecode.swift; name = "Model+ViewModel.swift"; path = "Placeholder/Model+ViewModel.swift"; sourceTree = "<group>"; };
		52F062981EA7A52F000E7606 /* Model+Routing.swift */ = {isa = PBXFileReference; fileEncoding = 4; lastKnownFileType = sourcecode.swift; name = "Model+Routing.swift"; path = "Placeholder/Model+Routing.swift"; sourceTree = "<group>"; };
/* End PBXFileReference section */

/* Begin PBXFrameworksBuildPhase section */
		5205CEEC1E9670AF004B57D1 /* Frameworks */ = {
			isa = PBXFrameworksBuildPhase;
			buildActionMask = 2147483647;
			files = (
			);
			runOnlyForDeploymentPostprocessing = 0;
		};
		5205CF001E9670AF004B57D1 /* Frameworks */ = {
			isa = PBXFrameworksBuildPhase;
			buildActionMask = 2147483647;
			files = (
			);
			runOnlyForDeploymentPostprocessing = 0;
		};
/* End PBXFrameworksBuildPhase section */

/* Begin PBXGroup section */
		5205CEE61E9670AF004B57D1 = {
			isa = PBXGroup;
			children = (
				5205CF741E96763C004B57D1 /* Model */,
				5205CF7B1E9676B2004B57D1 /* Controller */,
				5205CF821E967F2E004B57D1 /* Networking */,
				5205CEF11E9670AF004B57D1 /* Placeholder */,
				5205CF1E1E96750F004B57D1 /* Dependencies */,
				5205CF061E9670AF004B57D1 /* PlaceholderTests */,
				5205CEF01E9670AF004B57D1 /* Products */,
			);
			sourceTree = "<group>";
		};
		5205CEF01E9670AF004B57D1 /* Products */ = {
			isa = PBXGroup;
			children = (
				5205CEEF1E9670AF004B57D1 /* Placeholder.app */,
				5205CF031E9670AF004B57D1 /* PlaceholderTests.xctest */,
			);
			name = Products;
			sourceTree = "<group>";
		};
		5205CEF11E9670AF004B57D1 /* Placeholder */ = {
			isa = PBXGroup;
			children = (
				5205CF641E9675B8004B57D1 /* AppCoordinator.swift */,
				5255E5FD1E986D47009A39B7 /* Result.swift */,
				5255E6121E9BDE56009A39B7 /* Future.swift */,
				5205CF621E9675AB004B57D1 /* UIKit+Extensions.swift */,
				5205CEF21E9670AF004B57D1 /* AppDelegate.swift */,
				5205CEF61E9670AF004B57D1 /* Main.storyboard */,
				5205CEF91E9670AF004B57D1 /* Assets.xcassets */,
				5205CEFB1E9670AF004B57D1 /* LaunchScreen.storyboard */,
				5205CEFE1E9670AF004B57D1 /* Info.plist */,
			);
			path = Placeholder;
			sourceTree = "<group>";
		};
		5205CF061E9670AF004B57D1 /* PlaceholderTests */ = {
			isa = PBXGroup;
			children = (
				5255DDDF1E96DF14009A39B7 /* Sample Data */,
				5205CF071E9670AF004B57D1 /* PlaceholderTests.swift */,
				521554141EAEAF9E00E78C17 /* NetworkingTests.swift */,
				5205CF091E9670AF004B57D1 /* Info.plist */,
			);
			path = PlaceholderTests;
			sourceTree = "<group>";
		};
		5205CF1E1E96750F004B57D1 /* Dependencies */ = {
			isa = PBXGroup;
			children = (
			);
			name = Dependencies;
			sourceTree = "<group>";
		};
		5205CF741E96763C004B57D1 /* Model */ = {
			isa = PBXGroup;
			children = (
				5205CF6C1E967637004B57D1 /* User.swift */,
				5205CF661E967637004B57D1 /* Album.swift */,
				5205CF6B1E967637004B57D1 /* Photo.swift */,
				5255E6051E99DDD0009A39B7 /* Todo.swift */,
				5255E6091E99E76D009A39B7 /* Post.swift */,
				5255E60C1E99FE19009A39B7 /* Comment.swift */,
				5205CF681E967637004B57D1 /* Model+Equatable.swift */,
				527C4AF11EB3BF3C00319CC2 /* Model+CellConfigurable.swift */,
				5205CF6A1E967637004B57D1 /* Model+TableViewCell.swift */,
				5255DD8F1E96B880009A39B7 /* Model+Resource.swift */,
				52F062981EA7A52F000E7606 /* Model+Routing.swift */,
				522874BD1EA905C800800877 /* Model+JSONDecodable.swift */,
				527C4AF31EB3DF7800319CC2 /* Model+ViewModel.swift */,
			);
			name = Model;
			sourceTree = "<group>";
		};
		5205CF7B1E9676B2004B57D1 /* Controller */ = {
			isa = PBXGroup;
			children = (
				5205CF751E9676AE004B57D1 /* ItemsViewController.swift */,
				5205CF761E9676AE004B57D1 /* PhotoViewController.swift */,
				5205CF771E9676AE004B57D1 /* UserProfileViewController.swift */,
			);
			name = Controller;
			sourceTree = "<group>";
		};
		5205CF821E967F2E004B57D1 /* Networking */ = {
			isa = PBXGroup;
			children = (
				5205CF801E967C5E004B57D1 /* Resource.swift */,
				5255E5FF1E986E7D009A39B7 /* Cache.swift */,
				5255E6031E99D224009A39B7 /* md5.swift */,
				5255E6011E99255A009A39B7 /* FileStorage.swift */,
				5205CF7E1E967C34004B57D1 /* Webservice.swift */,
				5255E5FA1E986B3D009A39B7 /* CachedWebservice.swift */,
				5255DD8D1E96B7EA009A39B7 /* HttpMethod.swift */,
				5255DD931E96B917009A39B7 /* JSONDecodable.swift */,
				521554121EAE9A7B00E78C17 /* URLProvider.swift */,
			);
			name = Networking;
			path = Placeholder;
			sourceTree = "<group>";
		};
		5255DDDF1E96DF14009A39B7 /* Sample Data */ = {
			isa = PBXGroup;
			children = (
				5255DDD51E96DF0E009A39B7 /* Users.json */,
				5255DDD61E96DF0E009A39B7 /* Albums.json */,
				5255DDD71E96DF0E009A39B7 /* Photos.json */,
				5255DDD81E96DF0E009A39B7 /* SingleUser.json */,
				5255DDD91E96DF0E009A39B7 /* SingleAlbum.json */,
				5255E6071E99E5B4009A39B7 /* SingleTodo.json */,
				521554161EAEB03400E78C17 /* sampleText.txt */,
				521554181EAF806D00E78C17 /* SampleJSON.json */,
				5215541A1EAF8B8100E78C17 /* dummyFile.json */,
			);
			name = "Sample Data";
			sourceTree = "<group>";
		};
/* End PBXGroup section */

/* Begin PBXNativeTarget section */
		5205CEEE1E9670AF004B57D1 /* Placeholder */ = {
			isa = PBXNativeTarget;
			buildConfigurationList = 5205CF0C1E9670AF004B57D1 /* Build configuration list for PBXNativeTarget "Placeholder" */;
			buildPhases = (
				5205CEEB1E9670AF004B57D1 /* Sources */,
				5205CEEC1E9670AF004B57D1 /* Frameworks */,
				5205CEED1E9670AF004B57D1 /* Resources */,
				5205CF1D1E967506004B57D1 /* Embed Frameworks */,
			);
			buildRules = (
			);
			dependencies = (
			);
			name = Placeholder;
			productName = Placeholder;
			productReference = 5205CEEF1E9670AF004B57D1 /* Placeholder.app */;
			productType = "com.apple.product-type.application";
		};
		5205CF021E9670AF004B57D1 /* PlaceholderTests */ = {
			isa = PBXNativeTarget;
			buildConfigurationList = 5205CF0F1E9670AF004B57D1 /* Build configuration list for PBXNativeTarget "PlaceholderTests" */;
			buildPhases = (
				5205CEFF1E9670AF004B57D1 /* Sources */,
				5205CF001E9670AF004B57D1 /* Frameworks */,
				5205CF011E9670AF004B57D1 /* Resources */,
			);
			buildRules = (
			);
			dependencies = (
				5205CF051E9670AF004B57D1 /* PBXTargetDependency */,
			);
			name = PlaceholderTests;
			productName = PlaceholderTests;
			productReference = 5205CF031E9670AF004B57D1 /* PlaceholderTests.xctest */;
			productType = "com.apple.product-type.bundle.unit-test";
		};
/* End PBXNativeTarget section */

/* Begin PBXProject section */
		5205CEE71E9670AF004B57D1 /* Project object */ = {
			isa = PBXProject;
			attributes = {
				LastSwiftUpdateCheck = 0830;
				LastUpgradeCheck = 0830;
				ORGANIZATIONNAME = proxpero;
				TargetAttributes = {
					5205CEEE1E9670AF004B57D1 = {
						CreatedOnToolsVersion = 8.3;
						DevelopmentTeam = 55SVD8WGE3;
						ProvisioningStyle = Automatic;
					};
					5205CF021E9670AF004B57D1 = {
						CreatedOnToolsVersion = 8.3;
						DevelopmentTeam = 55SVD8WGE3;
						ProvisioningStyle = Automatic;
						TestTargetID = 5205CEEE1E9670AF004B57D1;
					};
				};
			};
			buildConfigurationList = 5205CEEA1E9670AF004B57D1 /* Build configuration list for PBXProject "Placeholder" */;
			compatibilityVersion = "Xcode 3.2";
			developmentRegion = English;
			hasScannedForEncodings = 0;
			knownRegions = (
				en,
				Base,
			);
			mainGroup = 5205CEE61E9670AF004B57D1;
			productRefGroup = 5205CEF01E9670AF004B57D1 /* Products */;
			projectDirPath = "";
			projectRoot = "";
			targets = (
				5205CEEE1E9670AF004B57D1 /* Placeholder */,
				5205CF021E9670AF004B57D1 /* PlaceholderTests */,
			);
		};
/* End PBXProject section */

/* Begin PBXResourcesBuildPhase section */
		5205CEED1E9670AF004B57D1 /* Resources */ = {
			isa = PBXResourcesBuildPhase;
			buildActionMask = 2147483647;
			files = (
				5205CEFD1E9670AF004B57D1 /* LaunchScreen.storyboard in Resources */,
				5205CEFA1E9670AF004B57D1 /* Assets.xcassets in Resources */,
				5205CEF81E9670AF004B57D1 /* Main.storyboard in Resources */,
			);
			runOnlyForDeploymentPostprocessing = 0;
		};
		5205CF011E9670AF004B57D1 /* Resources */ = {
			isa = PBXResourcesBuildPhase;
			buildActionMask = 2147483647;
			files = (
				5255DDDE1E96DF0E009A39B7 /* SingleAlbum.json in Resources */,
				5255DDDD1E96DF0E009A39B7 /* SingleUser.json in Resources */,
				5255DDDC1E96DF0E009A39B7 /* Photos.json in Resources */,
				5255E6081E99E5B4009A39B7 /* SingleTodo.json in Resources */,
				521554171EAEB03400E78C17 /* sampleText.txt in Resources */,
				5255DDDA1E96DF0E009A39B7 /* Users.json in Resources */,
				521554191EAF806D00E78C17 /* SampleJSON.json in Resources */,
				5215541B1EAF8B8100E78C17 /* dummyFile.json in Resources */,
				5255DDDB1E96DF0E009A39B7 /* Albums.json in Resources */,
			);
			runOnlyForDeploymentPostprocessing = 0;
		};
/* End PBXResourcesBuildPhase section */

/* Begin PBXSourcesBuildPhase section */
		5205CEEB1E9670AF004B57D1 /* Sources */ = {
			isa = PBXSourcesBuildPhase;
			buildActionMask = 2147483647;
			files = (
				527C4AF41EB3DF7800319CC2 /* Model+ViewModel.swift in Sources */,
				5205CF631E9675AB004B57D1 /* UIKit+Extensions.swift in Sources */,
				5255E6021E99255A009A39B7 /* FileStorage.swift in Sources */,
				5205CF811E967C5E004B57D1 /* Resource.swift in Sources */,
				5205CEF31E9670AF004B57D1 /* AppDelegate.swift in Sources */,
				5255DD901E96B880009A39B7 /* Model+Resource.swift in Sources */,
				5205CF721E967637004B57D1 /* Photo.swift in Sources */,
				52F062991EA7A52F000E7606 /* Model+Routing.swift in Sources */,
				5205CF711E967637004B57D1 /* Model+TableViewCell.swift in Sources */,
				5255E5FE1E986D47009A39B7 /* Result.swift in Sources */,
				5255E6041E99D224009A39B7 /* md5.swift in Sources */,
				5255E60B1E99E98C009A39B7 /* Post.swift in Sources */,
				5255E6001E986E7D009A39B7 /* Cache.swift in Sources */,
				5205CF791E9676AE004B57D1 /* PhotoViewController.swift in Sources */,
				5205CF651E9675B8004B57D1 /* AppCoordinator.swift in Sources */,
				521554131EAE9A7B00E78C17 /* URLProvider.swift in Sources */,
				5255DD8E1E96B7EA009A39B7 /* HttpMethod.swift in Sources */,
				5205CF781E9676AE004B57D1 /* ItemsViewController.swift in Sources */,
				522874BE1EA905C800800877 /* Model+JSONDecodable.swift in Sources */,
				5255DD941E96B917009A39B7 /* JSONDecodable.swift in Sources */,
				5205CF7F1E967C34004B57D1 /* Webservice.swift in Sources */,
				5205CF7A1E9676AE004B57D1 /* UserProfileViewController.swift in Sources */,
				5205CF6D1E967637004B57D1 /* Album.swift in Sources */,
				5255E6061E99DDD0009A39B7 /* Todo.swift in Sources */,
				5255E60D1E99FE19009A39B7 /* Comment.swift in Sources */,
				5205CF6F1E967637004B57D1 /* Model+Equatable.swift in Sources */,
				527C4AF21EB3BF3C00319CC2 /* Model+CellConfigurable.swift in Sources */,
				5255E5FC1E986C7E009A39B7 /* CachedWebservice.swift in Sources */,
				5255E6131E9BDE56009A39B7 /* Future.swift in Sources */,
				5205CF731E967637004B57D1 /* User.swift in Sources */,
			);
			runOnlyForDeploymentPostprocessing = 0;
		};
		5205CEFF1E9670AF004B57D1 /* Sources */ = {
			isa = PBXSourcesBuildPhase;
			buildActionMask = 2147483647;
			files = (
				5205CF081E9670AF004B57D1 /* PlaceholderTests.swift in Sources */,
				521554151EAEAF9E00E78C17 /* NetworkingTests.swift in Sources */,
			);
			runOnlyForDeploymentPostprocessing = 0;
		};
/* End PBXSourcesBuildPhase section */

/* Begin PBXTargetDependency section */
		5205CF051E9670AF004B57D1 /* PBXTargetDependency */ = {
			isa = PBXTargetDependency;
			target = 5205CEEE1E9670AF004B57D1 /* Placeholder */;
			targetProxy = 5205CF041E9670AF004B57D1 /* PBXContainerItemProxy */;
		};
/* End PBXTargetDependency section */

/* Begin PBXVariantGroup section */
		5205CEF61E9670AF004B57D1 /* Main.storyboard */ = {
			isa = PBXVariantGroup;
			children = (
				5205CEF71E9670AF004B57D1 /* Base */,
			);
			name = Main.storyboard;
			sourceTree = "<group>";
		};
		5205CEFB1E9670AF004B57D1 /* LaunchScreen.storyboard */ = {
			isa = PBXVariantGroup;
			children = (
				5205CEFC1E9670AF004B57D1 /* Base */,
			);
			name = LaunchScreen.storyboard;
			sourceTree = "<group>";
		};
/* End PBXVariantGroup section */

/* Begin XCBuildConfiguration section */
		5205CF0A1E9670AF004B57D1 /* Debug */ = {
			isa = XCBuildConfiguration;
			buildSettings = {
				ALWAYS_SEARCH_USER_PATHS = NO;
				CLANG_ANALYZER_NONNULL = YES;
				CLANG_ANALYZER_NUMBER_OBJECT_CONVERSION = YES_AGGRESSIVE;
				CLANG_CXX_LANGUAGE_STANDARD = "gnu++0x";
				CLANG_CXX_LIBRARY = "libc++";
				CLANG_ENABLE_MODULES = YES;
				CLANG_ENABLE_OBJC_ARC = YES;
				CLANG_WARN_BOOL_CONVERSION = YES;
				CLANG_WARN_CONSTANT_CONVERSION = YES;
				CLANG_WARN_DIRECT_OBJC_ISA_USAGE = YES_ERROR;
				CLANG_WARN_DOCUMENTATION_COMMENTS = YES;
				CLANG_WARN_EMPTY_BODY = YES;
				CLANG_WARN_ENUM_CONVERSION = YES;
				CLANG_WARN_INFINITE_RECURSION = YES;
				CLANG_WARN_INT_CONVERSION = YES;
				CLANG_WARN_OBJC_ROOT_CLASS = YES_ERROR;
				CLANG_WARN_SUSPICIOUS_MOVE = YES;
				CLANG_WARN_UNREACHABLE_CODE = YES;
				CLANG_WARN__DUPLICATE_METHOD_MATCH = YES;
				"CODE_SIGN_IDENTITY[sdk=iphoneos*]" = "iPhone Developer";
				COPY_PHASE_STRIP = NO;
				DEBUG_INFORMATION_FORMAT = dwarf;
				ENABLE_STRICT_OBJC_MSGSEND = YES;
				ENABLE_TESTABILITY = YES;
				GCC_C_LANGUAGE_STANDARD = gnu99;
				GCC_DYNAMIC_NO_PIC = NO;
				GCC_NO_COMMON_BLOCKS = YES;
				GCC_OPTIMIZATION_LEVEL = 0;
				GCC_PREPROCESSOR_DEFINITIONS = (
					"DEBUG=1",
					"$(inherited)",
				);
				GCC_WARN_64_TO_32_BIT_CONVERSION = YES;
				GCC_WARN_ABOUT_RETURN_TYPE = YES_ERROR;
				GCC_WARN_UNDECLARED_SELECTOR = YES;
				GCC_WARN_UNINITIALIZED_AUTOS = YES_AGGRESSIVE;
				GCC_WARN_UNUSED_FUNCTION = YES;
				GCC_WARN_UNUSED_VARIABLE = YES;
				IPHONEOS_DEPLOYMENT_TARGET = 10.3;
				MTL_ENABLE_DEBUG_INFO = YES;
				ONLY_ACTIVE_ARCH = YES;
				SDKROOT = iphoneos;
				SWIFT_ACTIVE_COMPILATION_CONDITIONS = DEBUG;
				SWIFT_OPTIMIZATION_LEVEL = "-Onone";
				TARGETED_DEVICE_FAMILY = "1,2";
			};
			name = Debug;
		};
		5205CF0B1E9670AF004B57D1 /* Release */ = {
			isa = XCBuildConfiguration;
			buildSettings = {
				ALWAYS_SEARCH_USER_PATHS = NO;
				CLANG_ANALYZER_NONNULL = YES;
				CLANG_ANALYZER_NUMBER_OBJECT_CONVERSION = YES_AGGRESSIVE;
				CLANG_CXX_LANGUAGE_STANDARD = "gnu++0x";
				CLANG_CXX_LIBRARY = "libc++";
				CLANG_ENABLE_MODULES = YES;
				CLANG_ENABLE_OBJC_ARC = YES;
				CLANG_WARN_BOOL_CONVERSION = YES;
				CLANG_WARN_CONSTANT_CONVERSION = YES;
				CLANG_WARN_DIRECT_OBJC_ISA_USAGE = YES_ERROR;
				CLANG_WARN_DOCUMENTATION_COMMENTS = YES;
				CLANG_WARN_EMPTY_BODY = YES;
				CLANG_WARN_ENUM_CONVERSION = YES;
				CLANG_WARN_INFINITE_RECURSION = YES;
				CLANG_WARN_INT_CONVERSION = YES;
				CLANG_WARN_OBJC_ROOT_CLASS = YES_ERROR;
				CLANG_WARN_SUSPICIOUS_MOVE = YES;
				CLANG_WARN_UNREACHABLE_CODE = YES;
				CLANG_WARN__DUPLICATE_METHOD_MATCH = YES;
				"CODE_SIGN_IDENTITY[sdk=iphoneos*]" = "iPhone Developer";
				COPY_PHASE_STRIP = NO;
				DEBUG_INFORMATION_FORMAT = "dwarf-with-dsym";
				ENABLE_NS_ASSERTIONS = NO;
				ENABLE_STRICT_OBJC_MSGSEND = YES;
				GCC_C_LANGUAGE_STANDARD = gnu99;
				GCC_NO_COMMON_BLOCKS = YES;
				GCC_WARN_64_TO_32_BIT_CONVERSION = YES;
				GCC_WARN_ABOUT_RETURN_TYPE = YES_ERROR;
				GCC_WARN_UNDECLARED_SELECTOR = YES;
				GCC_WARN_UNINITIALIZED_AUTOS = YES_AGGRESSIVE;
				GCC_WARN_UNUSED_FUNCTION = YES;
				GCC_WARN_UNUSED_VARIABLE = YES;
				IPHONEOS_DEPLOYMENT_TARGET = 10.3;
				MTL_ENABLE_DEBUG_INFO = NO;
				SDKROOT = iphoneos;
				SWIFT_OPTIMIZATION_LEVEL = "-Owholemodule";
				TARGETED_DEVICE_FAMILY = "1,2";
				VALIDATE_PRODUCT = YES;
			};
			name = Release;
		};
		5205CF0D1E9670AF004B57D1 /* Debug */ = {
			isa = XCBuildConfiguration;
			buildSettings = {
				ASSETCATALOG_COMPILER_APPICON_NAME = AppIcon;
				DEVELOPMENT_TEAM = 55SVD8WGE3;
				FRAMEWORK_SEARCH_PATHS = (
					"$(inherited)",
					"$(PROJECT_DIR)/Carthage/Build/iOS",
				);
				INFOPLIST_FILE = Placeholder/Info.plist;
				IPHONEOS_DEPLOYMENT_TARGET = 10.0;
				LD_RUNPATH_SEARCH_PATHS = "$(inherited) @executable_path/Frameworks";
				PRODUCT_BUNDLE_IDENTIFIER = com.proxpero.Placeholder;
				PRODUCT_NAME = "$(TARGET_NAME)";
				SWIFT_VERSION = 3.0;
			};
			name = Debug;
		};
		5205CF0E1E9670AF004B57D1 /* Release */ = {
			isa = XCBuildConfiguration;
			buildSettings = {
				ASSETCATALOG_COMPILER_APPICON_NAME = AppIcon;
				DEVELOPMENT_TEAM = 55SVD8WGE3;
				FRAMEWORK_SEARCH_PATHS = (
					"$(inherited)",
					"$(PROJECT_DIR)/Carthage/Build/iOS",
				);
				INFOPLIST_FILE = Placeholder/Info.plist;
				IPHONEOS_DEPLOYMENT_TARGET = 10.0;
				LD_RUNPATH_SEARCH_PATHS = "$(inherited) @executable_path/Frameworks";
				PRODUCT_BUNDLE_IDENTIFIER = com.proxpero.Placeholder;
				PRODUCT_NAME = "$(TARGET_NAME)";
				SWIFT_VERSION = 3.0;
			};
			name = Release;
		};
		5205CF101E9670AF004B57D1 /* Debug */ = {
			isa = XCBuildConfiguration;
			buildSettings = {
				ALWAYS_EMBED_SWIFT_STANDARD_LIBRARIES = YES;
				BUNDLE_LOADER = "$(TEST_HOST)";
				DEVELOPMENT_TEAM = 55SVD8WGE3;
				INFOPLIST_FILE = PlaceholderTests/Info.plist;
				LD_RUNPATH_SEARCH_PATHS = "$(inherited) @executable_path/Frameworks @loader_path/Frameworks";
				PRODUCT_BUNDLE_IDENTIFIER = com.proxpero.PlaceholderTests;
				PRODUCT_NAME = "$(TARGET_NAME)";
				SWIFT_VERSION = 3.0;
				TEST_HOST = "$(BUILT_PRODUCTS_DIR)/Placeholder.app/Placeholder";
			};
			name = Debug;
		};
		5205CF111E9670AF004B57D1 /* Release */ = {
			isa = XCBuildConfiguration;
			buildSettings = {
				ALWAYS_EMBED_SWIFT_STANDARD_LIBRARIES = YES;
				BUNDLE_LOADER = "$(TEST_HOST)";
				DEVELOPMENT_TEAM = 55SVD8WGE3;
				INFOPLIST_FILE = PlaceholderTests/Info.plist;
				LD_RUNPATH_SEARCH_PATHS = "$(inherited) @executable_path/Frameworks @loader_path/Frameworks";
				PRODUCT_BUNDLE_IDENTIFIER = com.proxpero.PlaceholderTests;
				PRODUCT_NAME = "$(TARGET_NAME)";
				SWIFT_VERSION = 3.0;
				TEST_HOST = "$(BUILT_PRODUCTS_DIR)/Placeholder.app/Placeholder";
			};
			name = Release;
		};
/* End XCBuildConfiguration section */

/* Begin XCConfigurationList section */
		5205CEEA1E9670AF004B57D1 /* Build configuration list for PBXProject "Placeholder" */ = {
			isa = XCConfigurationList;
			buildConfigurations = (
				5205CF0A1E9670AF004B57D1 /* Debug */,
				5205CF0B1E9670AF004B57D1 /* Release */,
			);
			defaultConfigurationIsVisible = 0;
			defaultConfigurationName = Release;
		};
		5205CF0C1E9670AF004B57D1 /* Build configuration list for PBXNativeTarget "Placeholder" */ = {
			isa = XCConfigurationList;
			buildConfigurations = (
				5205CF0D1E9670AF004B57D1 /* Debug */,
				5205CF0E1E9670AF004B57D1 /* Release */,
			);
			defaultConfigurationIsVisible = 0;
			defaultConfigurationName = Release;
		};
		5205CF0F1E9670AF004B57D1 /* Build configuration list for PBXNativeTarget "PlaceholderTests" */ = {
			isa = XCConfigurationList;
			buildConfigurations = (
				5205CF101E9670AF004B57D1 /* Debug */,
				5205CF111E9670AF004B57D1 /* Release */,
			);
			defaultConfigurationIsVisible = 0;
			defaultConfigurationName = Release;
		};
/* End XCConfigurationList section */
	};
	rootObject = 5205CEE71E9670AF004B57D1 /* Project object */;
}
